
Microsoft Visual Studio Solution File, Format Version 12.00
# Visual Studio Version 17
VisualStudioVersion = 17.14.36429.23 d17.14
MinimumVisualStudioVersion = 10.0.40219.1
Project("{FAE04EC0-301F-11D3-BF4B-00C04F79EFBC}") = "hOps.web", "hOps.web.csproj", "{DDED534D-1CA3-4542-B94E-3B3247492A7A}"
EndProject
Project("{FAE04EC0-301F-11D3-BF4B-00C04F79EFBC}") = "hOps.web.Tests", "..\hOps.web.Tests\hOps.web.Tests.csproj", "{33D6AD71-6959-48CE-A8F0-336310747CBB}"
EndProject
Global
	GlobalSection(SolutionConfigurationPlatforms) = preSolution
		Debug|Any CPU = Debug|Any CPU
		Release|Any CPU = Release|Any CPU
	EndGlobalSection
        GlobalSection(ProjectConfigurationPlatforms) = postSolution
                {DDED534D-1CA3-4542-B94E-3B3247492A7A}.Debug|Any CPU.ActiveCfg = Debug|Any CPU
                {DDED534D-1CA3-4542-B94E-3B3247492A7A}.Debug|Any CPU.Build.0 = Debug|Any CPU
                {DDED534D-1CA3-4542-B94E-3B3247492A7A}.Release|Any CPU.ActiveCfg = Release|Any CPU
                {DDED534D-1CA3-4542-B94E-3B3247492A7A}.Release|Any CPU.Build.0 = Release|Any CPU
                {33D6AD71-6959-48CE-A8F0-336310747CBB}.Debug|Any CPU.ActiveCfg = Debug|Any CPU
                {33D6AD71-6959-48CE-A8F0-336310747CBB}.Debug|Any CPU.Build.0 = Debug|Any CPU
                {33D6AD71-6959-48CE-A8F0-336310747CBB}.Release|Any CPU.ActiveCfg = Release|Any CPU
                {33D6AD71-6959-48CE-A8F0-336310747CBB}.Release|Any CPU.Build.0 = Release|Any CPU
        EndGlobalSection
	GlobalSection(SolutionProperties) = preSolution
		HideSolutionNode = FALSE
	EndGlobalSection
	GlobalSection(ExtensibilityGlobals) = postSolution
		SolutionGuid = {54527A7B-CE10-44D0-8E65-91653A8B39F5}
	EndGlobalSection
EndGlobal
